
Microsoft Visual Studio Solution File, Format Version 12.00
# Visual Studio Version 17
VisualStudioVersion = 17.4.33213.308
MinimumVisualStudioVersion = 10.0.40219.1
Project("{FAE04EC0-301F-11D3-BF4B-00C04F79EFBC}") = "Exercise2bDoWhile", "Exercise2bDoWhile.csproj", "{A034F9F1-E244-4063-9DE9-25FD09F19C19}"
EndProject
Global
	GlobalSection(SolutionConfigurationPlatforms) = preSolution
		Debug|Any CPU = Debug|Any CPU
		Release|Any CPU = Release|Any CPU
	EndGlobalSection
	GlobalSection(ProjectConfigurationPlatforms) = postSolution
		{A034F9F1-E244-4063-9DE9-25FD09F19C19}.Debug|Any CPU.ActiveCfg = Debug|Any CPU
		{A034F9F1-E244-4063-9DE9-25FD09F19C19}.Debug|Any CPU.Build.0 = Debug|Any CPU
		{A034F9F1-E244-4063-9DE9-25FD09F19C19}.Release|Any CPU.ActiveCfg = Release|Any CPU
		{A034F9F1-E244-4063-9DE9-25FD09F19C19}.Release|Any CPU.Build.0 = Release|Any CPU
	EndGlobalSection
	GlobalSection(SolutionProperties) = preSolution
		HideSolutionNode = FALSE
	EndGlobalSection
	GlobalSection(ExtensibilityGlobals) = postSolution
		SolutionGuid = {5FAAE811-5CFD-4777-A304-DB7C4B903191}
	EndGlobalSection
EndGlobal
