
Microsoft Visual Studio Solution File, Format Version 12.00
# Visual Studio Version 17
VisualStudioVersion = 17.4.33213.308
MinimumVisualStudioVersion = 10.0.40219.1
Project("{FAE04EC0-301F-11D3-BF4B-00C04F79EFBC}") = "Exercise2aFor", "Exercise2aFor.csproj", "{CCF38950-146A-42F2-B419-6B9E3ACDFB55}"
EndProject
Global
	GlobalSection(SolutionConfigurationPlatforms) = preSolution
		Debug|Any CPU = Debug|Any CPU
		Release|Any CPU = Release|Any CPU
	EndGlobalSection
	GlobalSection(ProjectConfigurationPlatforms) = postSolution
		{CCF38950-146A-42F2-B419-6B9E3ACDFB55}.Debug|Any CPU.ActiveCfg = Debug|Any CPU
		{CCF38950-146A-42F2-B419-6B9E3ACDFB55}.Debug|Any CPU.Build.0 = Debug|Any CPU
		{CCF38950-146A-42F2-B419-6B9E3ACDFB55}.Release|Any CPU.ActiveCfg = Release|Any CPU
		{CCF38950-146A-42F2-B419-6B9E3ACDFB55}.Release|Any CPU.Build.0 = Release|Any CPU
	EndGlobalSection
	GlobalSection(SolutionProperties) = preSolution
		HideSolutionNode = FALSE
	EndGlobalSection
	GlobalSection(ExtensibilityGlobals) = postSolution
		SolutionGuid = {72012918-FF0D-4083-8A03-7053C82DF95E}
	EndGlobalSection
EndGlobal
