
Microsoft Visual Studio Solution File, Format Version 12.00
# Visual Studio Version 17
VisualStudioVersion = 17.4.33213.308
MinimumVisualStudioVersion = 10.0.40219.1
Project("{FAE04EC0-301F-11D3-BF4B-00C04F79EFBC}") = "Assignment6", "Assignment6.csproj", "{7615CE6D-7D58-4ACB-8A43-973E419336A4}"
EndProject
Global
	GlobalSection(SolutionConfigurationPlatforms) = preSolution
		Debug|Any CPU = Debug|Any CPU
		Release|Any CPU = Release|Any CPU
	EndGlobalSection
	GlobalSection(ProjectConfigurationPlatforms) = postSolution
		{7615CE6D-7D58-4ACB-8A43-973E419336A4}.Debug|Any CPU.ActiveCfg = Debug|Any CPU
		{7615CE6D-7D58-4ACB-8A43-973E419336A4}.Debug|Any CPU.Build.0 = Debug|Any CPU
		{7615CE6D-7D58-4ACB-8A43-973E419336A4}.Release|Any CPU.ActiveCfg = Release|Any CPU
		{7615CE6D-7D58-4ACB-8A43-973E419336A4}.Release|Any CPU.Build.0 = Release|Any CPU
	EndGlobalSection
	GlobalSection(SolutionProperties) = preSolution
		HideSolutionNode = FALSE
	EndGlobalSection
	GlobalSection(ExtensibilityGlobals) = postSolution
		SolutionGuid = {9CE806DD-DCA7-49D2-9795-DA4908C70F09}
	EndGlobalSection
EndGlobal
